{
  "name": "file-preprocessor-loader",
  "version": "1.0.2",
  "lockfileVersion": 2,
  "requires": true,
  "packages": {
    "": {
      "name": "file-preprocessor-loader",
      "version": "1.0.2",
      "license": "MIT",
      "dependencies": {
        "file-preprocessor": "^1.0.1",
        "loader-utils": "^3.2.1"
      }
    },
    "node_modules/file-preprocessor": {
      "version": "1.0.1",
      "resolved": "https://registry.npmjs.org/file-preprocessor/-/file-preprocessor-1.0.1.tgz",
      "integrity": "sha512-4mo/15dLLGo1JRdbVofC9QvdTlILQkXgFytHYJ+gMR72zZKH1lQVSvaQQO/SJ3eOVget9n2xD7qCmBZKp5ZXpQ=="
    },
    "node_modules/loader-utils": {
      "version": "3.2.1",
      "resolved": "https://registry.npmjs.org/loader-utils/-/loader-utils-3.2.1.tgz",
      "integrity": "sha512-ZvFw1KWS3GVyYBYb7qkmRM/WwL2TQQBxgCK62rlvm4WpVQ23Nb4tYjApUlfjrEGvOs7KHEsmyUn75OHZrJMWPw==",
      "engines": {
        "node": ">= 12.13.0"
      }
    }
  },
  "dependencies": {
    "file-preprocessor": {
      "version": "1.0.1",
      "resolved": "https://registry.npmjs.org/file-preprocessor/-/file-preprocessor-1.0.1.tgz",
      "integrity": "sha512-4mo/15dLLGo1JRdbVofC9QvdTlILQkXgFytHYJ+gMR72zZKH1lQVSvaQQO/SJ3eOVget9n2xD7qCmBZKp5ZXpQ=="
    },
    "loader-utils": {
      "version": "3.2.1",
      "resolved": "https://registry.npmjs.org/loader-utils/-/loader-utils-3.2.1.tgz",
      "integrity": "sha512-ZvFw1KWS3GVyYBYb7qkmRM/WwL2TQQBxgCK62rlvm4WpVQ23Nb4tYjApUlfjrEGvOs7KHEsmyUn75OHZrJMWPw=="
    }
  }
}
